
Microsoft Visual Studio Solution File, Format Version 12.00
# Visual Studio Version 17
VisualStudioVersion = 17.2.32516.85
MinimumVisualStudioVersion = 10.0.40219.1
Project("{FAE04EC0-301F-11D3-BF4B-00C04F79EFBC}") = "Quiz", "Quiz\Quiz.csproj", "{B623D804-E08B-4563-8582-3FE9A25797DF}"
EndProject
Global
	GlobalSection(SolutionConfigurationPlatforms) = preSolution
		Debug|Any CPU = Debug|Any CPU
		Release|Any CPU = Release|Any CPU
	EndGlobalSection
	GlobalSection(ProjectConfigurationPlatforms) = postSolution
		{B623D804-E08B-4563-8582-3FE9A25797DF}.Debug|Any CPU.ActiveCfg = Debug|Any CPU
		{B623D804-E08B-4563-8582-3FE9A25797DF}.Debug|Any CPU.Build.0 = Debug|Any CPU
		{B623D804-E08B-4563-8582-3FE9A25797DF}.Release|Any CPU.ActiveCfg = Release|Any CPU
		{B623D804-E08B-4563-8582-3FE9A25797DF}.Release|Any CPU.Build.0 = Release|Any CPU
	EndGlobalSection
	GlobalSection(SolutionProperties) = preSolution
		HideSolutionNode = FALSE
	EndGlobalSection
	GlobalSection(ExtensibilityGlobals) = postSolution
		SolutionGuid = {1AB51DF0-F5B3-449F-A013-BE4C7E622455}
	EndGlobalSection
EndGlobal
